PODS:
  - Alamofire (4.8.2)
  - ObjectMapper (3.5.1)

DEPENDENCIES:
  - Alamofire (= 4.8.2)
  - ObjectMapper (~> 3.5)

SPEC REPOS:
  https://github.com/cocoapods/specs.git:
    - Alamofire
    - ObjectMapper

SPEC CHECKSUMS:
  Alamofire: ae5c501addb7afdbb13687d7f2f722c78734c2d3
  ObjectMapper: 70187b8941977c62ccfb423caf6b50be405cabf0

PODFILE CHECKSUM: 15569c9df23c0b0028881cae7c75595da3102869

COCOAPODS: 1.7.5
