// !$*UTF8*$!
{
	archiveVersion = 1;
	classes = {
	};
	objectVersion = 50;
	objects = {

/* Begin PBXBuildFile section */
		9C8AE017238E2A59003822F8 /* AppDelegate.swift in Sources */ = {isa = PBXBuildFile; fileRef = 9C8AE016238E2A59003822F8 /* AppDelegate.swift */; };
		9C8AE019238E2A59003822F8 /* SceneDelegate.swift in Sources */ = {isa = PBXBuildFile; fileRef = 9C8AE018238E2A59003822F8 /* SceneDelegate.swift */; };
		9C8AE01B238E2A59003822F8 /* ViewController.swift in Sources */ = {isa = PBXBuildFile; fileRef = 9C8AE01A238E2A59003822F8 /* ViewController.swift */; };
		9C8AE01E238E2A59003822F8 /* Main.storyboard in Resources */ = {isa = PBXBuildFile; fileRef = 9C8AE01C238E2A59003822F8 /* Main.storyboard */; };
		9C8AE020238E2A5A003822F8 /* Assets.xcassets in Resources */ = {isa = PBXBuildFile; fileRef = 9C8AE01F238E2A5A003822F8 /* Assets.xcassets */; };
		9C8AE023238E2A5A003822F8 /* LaunchScreen.storyboard in Resources */ = {isa = PBXBuildFile; fileRef = 9C8AE021238E2A5A003822F8 /* LaunchScreen.storyboard */; };
		9C8AE02E238E2A5A003822F8 /* CleanSwiftV1Tests.swift in Sources */ = {isa = PBXBuildFile; fileRef = 9C8AE02D238E2A5A003822F8 /* CleanSwiftV1Tests.swift */; };
		9C8AE039238E2A5A003822F8 /* CleanSwiftV1UITests.swift in Sources */ = {isa = PBXBuildFile; fileRef = 9C8AE038238E2A5A003822F8 /* CleanSwiftV1UITests.swift */; };
		9C8AE04E238E2A78003822F8 /* HomePresenter.swift in Sources */ = {isa = PBXBuildFile; fileRef = 9C8AE048238E2A78003822F8 /* HomePresenter.swift */; };
		9C8AE04F238E2A78003822F8 /* HomeWorker.swift in Sources */ = {isa = PBXBuildFile; fileRef = 9C8AE049238E2A78003822F8 /* HomeWorker.swift */; };
		9C8AE050238E2A78003822F8 /* HomeRouter.swift in Sources */ = {isa = PBXBuildFile; fileRef = 9C8AE04A238E2A78003822F8 /* HomeRouter.swift */; };
		9C8AE051238E2A78003822F8 /* HomeModels.swift in Sources */ = {isa = PBXBuildFile; fileRef = 9C8AE04B238E2A78003822F8 /* HomeModels.swift */; };
		9C8AE052238E2A78003822F8 /* HomeViewController.swift in Sources */ = {isa = PBXBuildFile; fileRef = 9C8AE04C238E2A78003822F8 /* HomeViewController.swift */; };
		9C8AE053238E2A78003822F8 /* HomeInteractor.swift in Sources */ = {isa = PBXBuildFile; fileRef = 9C8AE04D238E2A78003822F8 /* HomeInteractor.swift */; };
/* End PBXBuildFile section */

/* Begin PBXContainerItemProxy section */
		9C8AE02A238E2A5A003822F8 /* PBXContainerItemProxy */ = {
			isa = PBXContainerItemProxy;
			containerPortal = 9C8AE00B238E2A59003822F8 /* Project object */;
			proxyType = 1;
			remoteGlobalIDString = 9C8AE012238E2A59003822F8;
			remoteInfo = CleanSwiftV1;
		};
		9C8AE035238E2A5A003822F8 /* PBXContainerItemProxy */ = {
			isa = PBXContainerItemProxy;
			containerPortal = 9C8AE00B238E2A59003822F8 /* Project object */;
			proxyType = 1;
			remoteGlobalIDString = 9C8AE012238E2A59003822F8;
			remoteInfo = CleanSwiftV1;
		};
/* End PBXContainerItemProxy section */

/* Begin PBXFileReference section */
		9C8AE013238E2A59003822F8 /* CleanSwiftV1.app */ = {isa = PBXFileReference; explicitFileType = wrapper.application; includeInIndex = 0; path = CleanSwiftV1.app; sourceTree = BUILT_PRODUCTS_DIR; };
		9C8AE016238E2A59003822F8 /* AppDelegate.swift */ = {isa = PBXFileReference; lastKnownFileType = sourcecode.swift; path = AppDelegate.swift; sourceTree = "<group>"; };
		9C8AE018238E2A59003822F8 /* SceneDelegate.swift */ = {isa = PBXFileReference; lastKnownFileType = sourcecode.swift; path = SceneDelegate.swift; sourceTree = "<group>"; };
		9C8AE01A238E2A59003822F8 /* ViewController.swift */ = {isa = PBXFileReference; lastKnownFileType = sourcecode.swift; path = ViewController.swift; sourceTree = "<group>"; };
		9C8AE01D238E2A59003822F8 /* Base */ = {isa = PBXFileReference; lastKnownFileType = file.storyboard; name = Base; path = Base.lproj/Main.storyboard; sourceTree = "<group>"; };
		9C8AE01F238E2A5A003822F8 /* Assets.xcassets */ = {isa = PBXFileReference; lastKnownFileType = folder.assetcatalog; path = Assets.xcassets; sourceTree = "<group>"; };
		9C8AE022238E2A5A003822F8 /* Base */ = {isa = PBXFileReference; lastKnownFileType = file.storyboard; name = Base; path = Base.lproj/LaunchScreen.storyboard; sourceTree = "<group>"; };
		9C8AE024238E2A5A003822F8 /* Info.plist */ = {isa = PBXFileReference; lastKnownFileType = text.plist.xml; path = Info.plist; sourceTree = "<group>"; };
		9C8AE029238E2A5A003822F8 /* CleanSwiftV1Tests.xctest */ = {isa = PBXFileReference; explicitFileType = wrapper.cfbundle; includeInIndex = 0; path = CleanSwiftV1Tests.xctest; sourceTree = BUILT_PRODUCTS_DIR; };
		9C8AE02D238E2A5A003822F8 /* CleanSwiftV1Tests.swift */ = {isa = PBXFileReference; lastKnownFileType = sourcecode.swift; path = CleanSwiftV1Tests.swift; sourceTree = "<group>"; };
		9C8AE02F238E2A5A003822F8 /* Info.plist */ = {isa = PBXFileReference; lastKnownFileType = text.plist.xml; path = Info.plist; sourceTree = "<group>"; };
		9C8AE034238E2A5A003822F8 /* CleanSwiftV1UITests.xctest */ = {isa = PBXFileReference; explicitFileType = wrapper.cfbundle; includeInIndex = 0; path = CleanSwiftV1UITests.xctest; sourceTree = BUILT_PRODUCTS_DIR; };
		9C8AE038238E2A5A003822F8 /* CleanSwiftV1UITests.swift */ = {isa = PBXFileReference; lastKnownFileType = sourcecode.swift; path = CleanSwiftV1UITests.swift; sourceTree = "<group>"; };
		9C8AE03A238E2A5A003822F8 /* Info.plist */ = {isa = PBXFileReference; lastKnownFileType = text.plist.xml; path = Info.plist; sourceTree = "<group>"; };
		9C8AE048238E2A78003822F8 /* HomePresenter.swift */ = {isa = PBXFileReference; lastKnownFileType = sourcecode.swift; path = HomePresenter.swift; sourceTree = "<group>"; };
		9C8AE049238E2A78003822F8 /* HomeWorker.swift */ = {isa = PBXFileReference; lastKnownFileType = sourcecode.swift; path = HomeWorker.swift; sourceTree = "<group>"; };
		9C8AE04A238E2A78003822F8 /* HomeRouter.swift */ = {isa = PBXFileReference; lastKnownFileType = sourcecode.swift; path = HomeRouter.swift; sourceTree = "<group>"; };
		9C8AE04B238E2A78003822F8 /* HomeModels.swift */ = {isa = PBXFileReference; lastKnownFileType = sourcecode.swift; path = HomeModels.swift; sourceTree = "<group>"; };
		9C8AE04C238E2A78003822F8 /* HomeViewController.swift */ = {isa = PBXFileReference; lastKnownFileType = sourcecode.swift; path = HomeViewController.swift; sourceTree = "<group>"; };
		9C8AE04D238E2A78003822F8 /* HomeInteractor.swift */ = {isa = PBXFileReference; lastKnownFileType = sourcecode.swift; path = HomeInteractor.swift; sourceTree = "<group>"; };
/* End PBXFileReference section */

/* Begin PBXFrameworksBuildPhase section */
		9C8AE010238E2A59003822F8 /* Frameworks */ = {
			isa = PBXFrameworksBuildPhase;
			buildActionMask = 2147483647;
			files = (
			);
			runOnlyForDeploymentPostprocessing = 0;
		};
		9C8AE026238E2A5A003822F8 /* Frameworks */ = {
			isa = PBXFrameworksBuildPhase;
			buildActionMask = 2147483647;
			files = (
			);
			runOnlyForDeploymentPostprocessing = 0;
		};
		9C8AE031238E2A5A003822F8 /* Frameworks */ = {
			isa = PBXFrameworksBuildPhase;
			buildActionMask = 2147483647;
			files = (
			);
			runOnlyForDeploymentPostprocessing = 0;
		};
/* End PBXFrameworksBuildPhase section */

/* Begin PBXGroup section */
		9C8AE00A238E2A59003822F8 = {
			isa = PBXGroup;
			children = (
				9C8AE015238E2A59003822F8 /* CleanSwiftV1 */,
				9C8AE02C238E2A5A003822F8 /* CleanSwiftV1Tests */,
				9C8AE037238E2A5A003822F8 /* CleanSwiftV1UITests */,
				9C8AE014238E2A59003822F8 /* Products */,
			);
			sourceTree = "<group>";
		};
		9C8AE014238E2A59003822F8 /* Products */ = {
			isa = PBXGroup;
			children = (
				9C8AE013238E2A59003822F8 /* CleanSwiftV1.app */,
				9C8AE029238E2A5A003822F8 /* CleanSwiftV1Tests.xctest */,
				9C8AE034238E2A5A003822F8 /* CleanSwiftV1UITests.xctest */,
			);
			name = Products;
			sourceTree = "<group>";
		};
		9C8AE015238E2A59003822F8 /* CleanSwiftV1 */ = {
			isa = PBXGroup;
			children = (
				9C8AE046238E2A63003822F8 /* Screen */,
				9C8AE016238E2A59003822F8 /* AppDelegate.swift */,
				9C8AE018238E2A59003822F8 /* SceneDelegate.swift */,
				9C8AE01A238E2A59003822F8 /* ViewController.swift */,
				9C8AE01C238E2A59003822F8 /* Main.storyboard */,
				9C8AE01F238E2A5A003822F8 /* Assets.xcassets */,
				9C8AE021238E2A5A003822F8 /* LaunchScreen.storyboard */,
				9C8AE024238E2A5A003822F8 /* Info.plist */,
			);
			path = CleanSwiftV1;
			sourceTree = "<group>";
		};
		9C8AE02C238E2A5A003822F8 /* CleanSwiftV1Tests */ = {
			isa = PBXGroup;
			children = (
				9C8AE02D238E2A5A003822F8 /* CleanSwiftV1Tests.swift */,
				9C8AE02F238E2A5A003822F8 /* Info.plist */,
			);
			path = CleanSwiftV1Tests;
			sourceTree = "<group>";
		};
		9C8AE037238E2A5A003822F8 /* CleanSwiftV1UITests */ = {
			isa = PBXGroup;
			children = (
				9C8AE038238E2A5A003822F8 /* CleanSwiftV1UITests.swift */,
				9C8AE03A238E2A5A003822F8 /* Info.plist */,
			);
			path = CleanSwiftV1UITests;
			sourceTree = "<group>";
		};
		9C8AE046238E2A63003822F8 /* Screen */ = {
			isa = PBXGroup;
			children = (
				9C8AE047238E2A68003822F8 /* Home */,
			);
			path = Screen;
			sourceTree = "<group>";
		};
		9C8AE047238E2A68003822F8 /* Home */ = {
			isa = PBXGroup;
			children = (
				9C8AE048238E2A78003822F8 /* HomePresenter.swift */,
				9C8AE049238E2A78003822F8 /* HomeWorker.swift */,
				9C8AE04A238E2A78003822F8 /* HomeRouter.swift */,
				9C8AE04B238E2A78003822F8 /* HomeModels.swift */,
				9C8AE04C238E2A78003822F8 /* HomeViewController.swift */,
				9C8AE04D238E2A78003822F8 /* HomeInteractor.swift */,
			);
			path = Home;
			sourceTree = "<group>";
		};
/* End PBXGroup section */

/* Begin PBXNativeTarget section */
		9C8AE012238E2A59003822F8 /* CleanSwiftV1 */ = {
			isa = PBXNativeTarget;
			buildConfigurationList = 9C8AE03D238E2A5A003822F8 /* Build configuration list for PBXNativeTarget "CleanSwiftV1" */;
			buildPhases = (
				9C8AE00F238E2A59003822F8 /* Sources */,
				9C8AE010238E2A59003822F8 /* Frameworks */,
				9C8AE011238E2A59003822F8 /* Resources */,
			);
			buildRules = (
			);
			dependencies = (
			);
			name = CleanSwiftV1;
			productName = CleanSwiftV1;
			productReference = 9C8AE013238E2A59003822F8 /* CleanSwiftV1.app */;
			productType = "com.apple.product-type.application";
		};
		9C8AE028238E2A5A003822F8 /* CleanSwiftV1Tests */ = {
			isa = PBXNativeTarget;
			buildConfigurationList = 9C8AE040238E2A5A003822F8 /* Build configuration list for PBXNativeTarget "CleanSwiftV1Tests" */;
			buildPhases = (
				9C8AE025238E2A5A003822F8 /* Sources */,
				9C8AE026238E2A5A003822F8 /* Frameworks */,
				9C8AE027238E2A5A003822F8 /* Resources */,
			);
			buildRules = (
			);
			dependencies = (
				9C8AE02B238E2A5A003822F8 /* PBXTargetDependency */,
			);
			name = CleanSwiftV1Tests;
			productName = CleanSwiftV1Tests;
			productReference = 9C8AE029238E2A5A003822F8 /* CleanSwiftV1Tests.xctest */;
			productType = "com.apple.product-type.bundle.unit-test";
		};
		9C8AE033238E2A5A003822F8 /* CleanSwiftV1UITests */ = {
			isa = PBXNativeTarget;
			buildConfigurationList = 9C8AE043238E2A5A003822F8 /* Build configuration list for PBXNativeTarget "CleanSwiftV1UITests" */;
			buildPhases = (
				9C8AE030238E2A5A003822F8 /* Sources */,
				9C8AE031238E2A5A003822F8 /* Frameworks */,
				9C8AE032238E2A5A003822F8 /* Resources */,
			);
			buildRules = (
			);
			dependencies = (
				9C8AE036238E2A5A003822F8 /* PBXTargetDependency */,
			);
			name = CleanSwiftV1UITests;
			productName = CleanSwiftV1UITests;
			productReference = 9C8AE034238E2A5A003822F8 /* CleanSwiftV1UITests.xctest */;
			productType = "com.apple.product-type.bundle.ui-testing";
		};
/* End PBXNativeTarget section */

/* Begin PBXProject section */
		9C8AE00B238E2A59003822F8 /* Project object */ = {
			isa = PBXProject;
			attributes = {
				LastSwiftUpdateCheck = 1100;
				LastUpgradeCheck = 1100;
				ORGANIZATIONNAME = "Chayawat Suntornrak";
				TargetAttributes = {
					9C8AE012238E2A59003822F8 = {
						CreatedOnToolsVersion = 11.0;
					};
					9C8AE028238E2A5A003822F8 = {
						CreatedOnToolsVersion = 11.0;
						TestTargetID = 9C8AE012238E2A59003822F8;
					};
					9C8AE033238E2A5A003822F8 = {
						CreatedOnToolsVersion = 11.0;
						TestTargetID = 9C8AE012238E2A59003822F8;
					};
				};
			};
			buildConfigurationList = 9C8AE00E238E2A59003822F8 /* Build configuration list for PBXProject "CleanSwiftV1" */;
			compatibilityVersion = "Xcode 9.3";
			developmentRegion = en;
			hasScannedForEncodings = 0;
			knownRegions = (
				en,
				Base,
			);
			mainGroup = 9C8AE00A238E2A59003822F8;
			productRefGroup = 9C8AE014238E2A59003822F8 /* Products */;
			projectDirPath = "";
			projectRoot = "";
			targets = (
				9C8AE012238E2A59003822F8 /* CleanSwiftV1 */,
				9C8AE028238E2A5A003822F8 /* CleanSwiftV1Tests */,
				9C8AE033238E2A5A003822F8 /* CleanSwiftV1UITests */,
			);
		};
/* End PBXProject section */

/* Begin PBXResourcesBuildPhase section */
		9C8AE011238E2A59003822F8 /* Resources */ = {
			isa = PBXResourcesBuildPhase;
			buildActionMask = 2147483647;
			files = (
				9C8AE023238E2A5A003822F8 /* LaunchScreen.storyboard in Resources */,
				9C8AE020238E2A5A003822F8 /* Assets.xcassets in Resources */,
				9C8AE01E238E2A59003822F8 /* Main.storyboard in Resources */,
			);
			runOnlyForDeploymentPostprocessing = 0;
		};
		9C8AE027238E2A5A003822F8 /* Resources */ = {
			isa = PBXResourcesBuildPhase;
			buildActionMask = 2147483647;
			files = (
			);
			runOnlyForDeploymentPostprocessing = 0;
		};
		9C8AE032238E2A5A003822F8 /* Resources */ = {
			isa = PBXResourcesBuildPhase;
			buildActionMask = 2147483647;
			files = (
			);
			runOnlyForDeploymentPostprocessing = 0;
		};
/* End PBXResourcesBuildPhase section */

/* Begin PBXSourcesBuildPhase section */
		9C8AE00F238E2A59003822F8 /* Sources */ = {
			isa = PBXSourcesBuildPhase;
			buildActionMask = 2147483647;
			files = (
				9C8AE01B238E2A59003822F8 /* ViewController.swift in Sources */,
				9C8AE050238E2A78003822F8 /* HomeRouter.swift in Sources */,
				9C8AE017238E2A59003822F8 /* AppDelegate.swift in Sources */,
				9C8AE052238E2A78003822F8 /* HomeViewController.swift in Sources */,
				9C8AE019238E2A59003822F8 /* SceneDelegate.swift in Sources */,
				9C8AE04F238E2A78003822F8 /* HomeWorker.swift in Sources */,
				9C8AE053238E2A78003822F8 /* HomeInteractor.swift in Sources */,
				9C8AE04E238E2A78003822F8 /* HomePresenter.swift in Sources */,
				9C8AE051238E2A78003822F8 /* HomeModels.swift in Sources */,
			);
			runOnlyForDeploymentPostprocessing = 0;
		};
		9C8AE025238E2A5A003822F8 /* Sources */ = {
			isa = PBXSourcesBuildPhase;
			buildActionMask = 2147483647;
			files = (
				9C8AE02E238E2A5A003822F8 /* CleanSwiftV1Tests.swift in Sources */,
			);
			runOnlyForDeploymentPostprocessing = 0;
		};
		9C8AE030238E2A5A003822F8 /* Sources */ = {
			isa = PBXSourcesBuildPhase;
			buildActionMask = 2147483647;
			files = (
				9C8AE039238E2A5A003822F8 /* CleanSwiftV1UITests.swift in Sources */,
			);
			runOnlyForDeploymentPostprocessing = 0;
		};
/* End PBXSourcesBuildPhase section */

/* Begin PBXTargetDependency section */
		9C8AE02B238E2A5A003822F8 /* PBXTargetDependency */ = {
			isa = PBXTargetDependency;
			target = 9C8AE012238E2A59003822F8 /* CleanSwiftV1 */;
			targetProxy = 9C8AE02A238E2A5A003822F8 /* PBXContainerItemProxy */;
		};
		9C8AE036238E2A5A003822F8 /* PBXTargetDependency */ = {
			isa = PBXTargetDependency;
			target = 9C8AE012238E2A59003822F8 /* CleanSwiftV1 */;
			targetProxy = 9C8AE035238E2A5A003822F8 /* PBXContainerItemProxy */;
		};
/* End PBXTargetDependency section */

/* Begin PBXVariantGroup section */
		9C8AE01C238E2A59003822F8 /* Main.storyboard */ = {
			isa = PBXVariantGroup;
			children = (
				9C8AE01D238E2A59003822F8 /* Base */,
			);
			name = Main.storyboard;
			sourceTree = "<group>";
		};
		9C8AE021238E2A5A003822F8 /* LaunchScreen.storyboard */ = {
			isa = PBXVariantGroup;
			children = (
				9C8AE022238E2A5A003822F8 /* Base */,
			);
			name = LaunchScreen.storyboard;
			sourceTree = "<group>";
		};
/* End PBXVariantGroup section */

/* Begin XCBuildConfiguration section */
		9C8AE03B238E2A5A003822F8 /* Debug */ = {
			isa = XCBuildConfiguration;
			buildSettings = {
				ALWAYS_SEARCH_USER_PATHS = NO;
				CLANG_ANALYZER_NONNULL = YES;
				CLANG_ANALYZER_NUMBER_OBJECT_CONVERSION = YES_AGGRESSIVE;
				CLANG_CXX_LANGUAGE_STANDARD = "gnu++14";
				CLANG_CXX_LIBRARY = "libc++";
				CLANG_ENABLE_MODULES = YES;
				CLANG_ENABLE_OBJC_ARC = YES;
				CLANG_ENABLE_OBJC_WEAK = YES;
				CLANG_WARN_BLOCK_CAPTURE_AUTORELEASING = YES;
				CLANG_WARN_BOOL_CONVERSION = YES;
				CLANG_WARN_COMMA = YES;
				CLANG_WARN_CONSTANT_CONVERSION = YES;
				CLANG_WARN_DEPRECATED_OBJC_IMPLEMENTATIONS = YES;
				CLANG_WARN_DIRECT_OBJC_ISA_USAGE = YES_ERROR;
				CLANG_WARN_DOCUMENTATION_COMMENTS = YES;
				CLANG_WARN_EMPTY_BODY = YES;
				CLANG_WARN_ENUM_CONVERSION = YES;
				CLANG_WARN_INFINITE_RECURSION = YES;
				CLANG_WARN_INT_CONVERSION = YES;
				CLANG_WARN_NON_LITERAL_NULL_CONVERSION = YES;
				CLANG_WARN_OBJC_IMPLICIT_RETAIN_SELF = YES;
				CLANG_WARN_OBJC_LITERAL_CONVERSION = YES;
				CLANG_WARN_OBJC_ROOT_CLASS = YES_ERROR;
				CLANG_WARN_RANGE_LOOP_ANALYSIS = YES;
				CLANG_WARN_STRICT_PROTOTYPES = YES;
				CLANG_WARN_SUSPICIOUS_MOVE = YES;
				CLANG_WARN_UNGUARDED_AVAILABILITY = YES_AGGRESSIVE;
				CLANG_WARN_UNREACHABLE_CODE = YES;
				CLANG_WARN__DUPLICATE_METHOD_MATCH = YES;
				COPY_PHASE_STRIP = NO;
				DEBUG_INFORMATION_FORMAT = dwarf;
				ENABLE_STRICT_OBJC_MSGSEND = YES;
				ENABLE_TESTABILITY = YES;
				GCC_C_LANGUAGE_STANDARD = gnu11;
				GCC_DYNAMIC_NO_PIC = NO;
				GCC_NO_COMMON_BLOCKS = YES;
				GCC_OPTIMIZATION_LEVEL = 0;
				GCC_PREPROCESSOR_DEFINITIONS = (
					"DEBUG=1",
					"$(inherited)",
				);
				GCC_WARN_64_TO_32_BIT_CONVERSION = YES;
				GCC_WARN_ABOUT_RETURN_TYPE = YES_ERROR;
				GCC_WARN_UNDECLARED_SELECTOR = YES;
				GCC_WARN_UNINITIALIZED_AUTOS = YES_AGGRESSIVE;
				GCC_WARN_UNUSED_FUNCTION = YES;
				GCC_WARN_UNUSED_VARIABLE = YES;
				IPHONEOS_DEPLOYMENT_TARGET = 13.0;
				MTL_ENABLE_DEBUG_INFO = INCLUDE_SOURCE;
				MTL_FAST_MATH = YES;
				ONLY_ACTIVE_ARCH = YES;
				SDKROOT = iphoneos;
				SWIFT_ACTIVE_COMPILATION_CONDITIONS = DEBUG;
				SWIFT_OPTIMIZATION_LEVEL = "-Onone";
			};
			name = Debug;
		};
		9C8AE03C238E2A5A003822F8 /* Release */ = {
			isa = XCBuildConfiguration;
			buildSettings = {
				ALWAYS_SEARCH_USER_PATHS = NO;
				CLANG_ANALYZER_NONNULL = YES;
				CLANG_ANALYZER_NUMBER_OBJECT_CONVERSION = YES_AGGRESSIVE;
				CLANG_CXX_LANGUAGE_STANDARD = "gnu++14";
				CLANG_CXX_LIBRARY = "libc++";
				CLANG_ENABLE_MODULES = YES;
				CLANG_ENABLE_OBJC_ARC = YES;
				CLANG_ENABLE_OBJC_WEAK = YES;
				CLANG_WARN_BLOCK_CAPTURE_AUTORELEASING = YES;
				CLANG_WARN_BOOL_CONVERSION = YES;
				CLANG_WARN_COMMA = YES;
				CLANG_WARN_CONSTANT_CONVERSION = YES;
				CLANG_WARN_DEPRECATED_OBJC_IMPLEMENTATIONS = YES;
				CLANG_WARN_DIRECT_OBJC_ISA_USAGE = YES_ERROR;
				CLANG_WARN_DOCUMENTATION_COMMENTS = YES;
				CLANG_WARN_EMPTY_BODY = YES;
				CLANG_WARN_ENUM_CONVERSION = YES;
				CLANG_WARN_INFINITE_RECURSION = YES;
				CLANG_WARN_INT_CONVERSION = YES;
				CLANG_WARN_NON_LITERAL_NULL_CONVERSION = YES;
				CLANG_WARN_OBJC_IMPLICIT_RETAIN_SELF = YES;
				CLANG_WARN_OBJC_LITERAL_CONVERSION = YES;
				CLANG_WARN_OBJC_ROOT_CLASS = YES_ERROR;
				CLANG_WARN_RANGE_LOOP_ANALYSIS = YES;
				CLANG_WARN_STRICT_PROTOTYPES = YES;
				CLANG_WARN_SUSPICIOUS_MOVE = YES;
				CLANG_WARN_UNGUARDED_AVAILABILITY = YES_AGGRESSIVE;
				CLANG_WARN_UNREACHABLE_CODE = YES;
				CLANG_WARN__DUPLICATE_METHOD_MATCH = YES;
				COPY_PHASE_STRIP = NO;
				DEBUG_INFORMATION_FORMAT = "dwarf-with-dsym";
				ENABLE_NS_ASSERTIONS = NO;
				ENABLE_STRICT_OBJC_MSGSEND = YES;
				GCC_C_LANGUAGE_STANDARD = gnu11;
				GCC_NO_COMMON_BLOCKS = YES;
				GCC_WARN_64_TO_32_BIT_CONVERSION = YES;
				GCC_WARN_ABOUT_RETURN_TYPE = YES_ERROR;
				GCC_WARN_UNDECLARED_SELECTOR = YES;
				GCC_WARN_UNINITIALIZED_AUTOS = YES_AGGRESSIVE;
				GCC_WARN_UNUSED_FUNCTION = YES;
				GCC_WARN_UNUSED_VARIABLE = YES;
				IPHONEOS_DEPLOYMENT_TARGET = 13.0;
				MTL_ENABLE_DEBUG_INFO = NO;
				MTL_FAST_MATH = YES;
				SDKROOT = iphoneos;
				SWIFT_COMPILATION_MODE = wholemodule;
				SWIFT_OPTIMIZATION_LEVEL = "-O";
				VALIDATE_PRODUCT = YES;
			};
			name = Release;
		};
		9C8AE03E238E2A5A003822F8 /* Debug */ = {
			isa = XCBuildConfiguration;
			buildSettings = {
				ASSETCATALOG_COMPILER_APPICON_NAME = AppIcon;
				CODE_SIGN_STYLE = Automatic;
				DEVELOPMENT_TEAM = 98SVP6YBGF;
				INFOPLIST_FILE = CleanSwiftV1/Info.plist;
				LD_RUNPATH_SEARCH_PATHS = (
					"$(inherited)",
					"@executable_path/Frameworks",
				);
				PRODUCT_BUNDLE_IDENTIFIER = chayarak.CleanSwiftV1;
				PRODUCT_NAME = "$(TARGET_NAME)";
				SWIFT_VERSION = 5.0;
				TARGETED_DEVICE_FAMILY = "1,2";
			};
			name = Debug;
		};
		9C8AE03F238E2A5A003822F8 /* Release */ = {
			isa = XCBuildConfiguration;
			buildSettings = {
				ASSETCATALOG_COMPILER_APPICON_NAME = AppIcon;
				CODE_SIGN_STYLE = Automatic;
				DEVELOPMENT_TEAM = 98SVP6YBGF;
				INFOPLIST_FILE = CleanSwiftV1/Info.plist;
				LD_RUNPATH_SEARCH_PATHS = (
					"$(inherited)",
					"@executable_path/Frameworks",
				);
				PRODUCT_BUNDLE_IDENTIFIER = chayarak.CleanSwiftV1;
				PRODUCT_NAME = "$(TARGET_NAME)";
				SWIFT_VERSION = 5.0;
				TARGETED_DEVICE_FAMILY = "1,2";
			};
			name = Release;
		};
		9C8AE041238E2A5A003822F8 /* Debug */ = {
			isa = XCBuildConfiguration;
			buildSettings = {
				ALWAYS_EMBED_SWIFT_STANDARD_LIBRARIES = YES;
				BUNDLE_LOADER = "$(TEST_HOST)";
				CODE_SIGN_STYLE = Automatic;
				DEVELOPMENT_TEAM = 98SVP6YBGF;
				INFOPLIST_FILE = CleanSwiftV1Tests/Info.plist;
				IPHONEOS_DEPLOYMENT_TARGET = 13.0;
				LD_RUNPATH_SEARCH_PATHS = (
					"$(inherited)",
					"@executable_path/Frameworks",
					"@loader_path/Frameworks",
				);
				PRODUCT_BUNDLE_IDENTIFIER = chayarak.CleanSwiftV1Tests;
				PRODUCT_NAME = "$(TARGET_NAME)";
				SWIFT_VERSION = 5.0;
				TARGETED_DEVICE_FAMILY = "1,2";
				TEST_HOST = "$(BUILT_PRODUCTS_DIR)/CleanSwiftV1.app/CleanSwiftV1";
			};
			name = Debug;
		};
		9C8AE042238E2A5A003822F8 /* Release */ = {
			isa = XCBuildConfiguration;
			buildSettings = {
				ALWAYS_EMBED_SWIFT_STANDARD_LIBRARIES = YES;
				BUNDLE_LOADER = "$(TEST_HOST)";
				CODE_SIGN_STYLE = Automatic;
				DEVELOPMENT_TEAM = 98SVP6YBGF;
				INFOPLIST_FILE = CleanSwiftV1Tests/Info.plist;
				IPHONEOS_DEPLOYMENT_TARGET = 13.0;
				LD_RUNPATH_SEARCH_PATHS = (
					"$(inherited)",
					"@executable_path/Frameworks",
					"@loader_path/Frameworks",
				);
				PRODUCT_BUNDLE_IDENTIFIER = chayarak.CleanSwiftV1Tests;
				PRODUCT_NAME = "$(TARGET_NAME)";
				SWIFT_VERSION = 5.0;
				TARGETED_DEVICE_FAMILY = "1,2";
				TEST_HOST = "$(BUILT_PRODUCTS_DIR)/CleanSwiftV1.app/CleanSwiftV1";
			};
			name = Release;
		};
		9C8AE044238E2A5A003822F8 /* Debug */ = {
			isa = XCBuildConfiguration;
			buildSettings = {
				ALWAYS_EMBED_SWIFT_STANDARD_LIBRARIES = YES;
				CODE_SIGN_STYLE = Automatic;
				DEVELOPMENT_TEAM = 98SVP6YBGF;
				INFOPLIST_FILE = CleanSwiftV1UITests/Info.plist;
				LD_RUNPATH_SEARCH_PATHS = (
					"$(inherited)",
					"@executable_path/Frameworks",
					"@loader_path/Frameworks",
				);
				PRODUCT_BUNDLE_IDENTIFIER = chayarak.CleanSwiftV1UITests;
				PRODUCT_NAME = "$(TARGET_NAME)";
				SWIFT_VERSION = 5.0;
				TARGETED_DEVICE_FAMILY = "1,2";
				TEST_TARGET_NAME = CleanSwiftV1;
			};
			name = Debug;
		};
		9C8AE045238E2A5A003822F8 /* Release */ = {
			isa = XCBuildConfiguration;
			buildSettings = {
				ALWAYS_EMBED_SWIFT_STANDARD_LIBRARIES = YES;
				CODE_SIGN_STYLE = Automatic;
				DEVELOPMENT_TEAM = 98SVP6YBGF;
				INFOPLIST_FILE = CleanSwiftV1UITests/Info.plist;
				LD_RUNPATH_SEARCH_PATHS = (
					"$(inherited)",
					"@executable_path/Frameworks",
					"@loader_path/Frameworks",
				);
				PRODUCT_BUNDLE_IDENTIFIER = chayarak.CleanSwiftV1UITests;
				PRODUCT_NAME = "$(TARGET_NAME)";
				SWIFT_VERSION = 5.0;
				TARGETED_DEVICE_FAMILY = "1,2";
				TEST_TARGET_NAME = CleanSwiftV1;
			};
			name = Release;
		};
/* End XCBuildConfiguration section */

/* Begin XCConfigurationList section */
		9C8AE00E238E2A59003822F8 /* Build configuration list for PBXProject "CleanSwiftV1" */ = {
			isa = XCConfigurationList;
			buildConfigurations = (
				9C8AE03B238E2A5A003822F8 /* Debug */,
				9C8AE03C238E2A5A003822F8 /* Release */,
			);
			defaultConfigurationIsVisible = 0;
			defaultConfigurationName = Release;
		};
		9C8AE03D238E2A5A003822F8 /* Build configuration list for PBXNativeTarget "CleanSwiftV1" */ = {
			isa = XCConfigurationList;
			buildConfigurations = (
				9C8AE03E238E2A5A003822F8 /* Debug */,
				9C8AE03F238E2A5A003822F8 /* Release */,
			);
			defaultConfigurationIsVisible = 0;
			defaultConfigurationName = Release;
		};
		9C8AE040238E2A5A003822F8 /* Build configuration list for PBXNativeTarget "CleanSwiftV1Tests" */ = {
			isa = XCConfigurationList;
			buildConfigurations = (
				9C8AE041238E2A5A003822F8 /* Debug */,
				9C8AE042238E2A5A003822F8 /* Release */,
			);
			defaultConfigurationIsVisible = 0;
			defaultConfigurationName = Release;
		};
		9C8AE043238E2A5A003822F8 /* Build configuration list for PBXNativeTarget "CleanSwiftV1UITests" */ = {
			isa = XCConfigurationList;
			buildConfigurations = (
				9C8AE044238E2A5A003822F8 /* Debug */,
				9C8AE045238E2A5A003822F8 /* Release */,
			);
			defaultConfigurationIsVisible = 0;
			defaultConfigurationName = Release;
		};
/* End XCConfigurationList section */
	};
	rootObject = 9C8AE00B238E2A59003822F8 /* Project object */;
}
